// !$*UTF8*$!
{
	archiveVersion = 1;
	classes = {
	};
	objectVersion = 55;
	objects = {

/* Begin PBXBuildFile section */
		9ACE294C288084E7000D0486 /* AppDelegate.swift in Sources */ = {isa = PBXBuildFile; fileRef = 9ACE294B288084E7000D0486 /* AppDelegate.swift */; };
		9ACE294E288084E7000D0486 /* SceneDelegate.swift in Sources */ = {isa = PBXBuildFile; fileRef = 9ACE294D288084E7000D0486 /* SceneDelegate.swift */; };
		9ACE2950288084E7000D0486 /* ViewController.swift in Sources */ = {isa = PBXBuildFile; fileRef = 9ACE294F288084E7000D0486 /* ViewController.swift */; };
		9ACE2953288084E8000D0486 /* Main.storyboard in Resources */ = {isa = PBXBuildFile; fileRef = 9ACE2951288084E8000D0486 /* Main.storyboard */; };
		9ACE2956288084E8000D0486 /* quickr.xcdatamodeld in Sources */ = {isa = PBXBuildFile; fileRef = 9ACE2954288084E8000D0486 /* quickr.xcdatamodeld */; };
		9ACE2958288084EA000D0486 /* Assets.xcassets in Resources */ = {isa = PBXBuildFile; fileRef = 9ACE2957288084EA000D0486 /* Assets.xcassets */; };
		9ACE295B288084EA000D0486 /* LaunchScreen.storyboard in Resources */ = {isa = PBXBuildFile; fileRef = 9ACE2959288084EA000D0486 /* LaunchScreen.storyboard */; };
		9ACE2966288084EB000D0486 /* quickrTests.swift in Sources */ = {isa = PBXBuildFile; fileRef = 9ACE2965288084EB000D0486 /* quickrTests.swift */; };
		9ACE2970288084EB000D0486 /* quickrUITests.swift in Sources */ = {isa = PBXBuildFile; fileRef = 9ACE296F288084EB000D0486 /* quickrUITests.swift */; };
		9ACE2972288084EB000D0486 /* quickrUITestsLaunchTests.swift in Sources */ = {isa = PBXBuildFile; fileRef = 9ACE2971288084EB000D0486 /* quickrUITestsLaunchTests.swift */; };
/* End PBXBuildFile section */

/* Begin PBXContainerItemProxy section */
		9ACE2962288084EB000D0486 /* PBXContainerItemProxy */ = {
			isa = PBXContainerItemProxy;
			containerPortal = 9ACE2940288084E7000D0486 /* Project object */;
			proxyType = 1;
			remoteGlobalIDString = 9ACE2947288084E7000D0486;
			remoteInfo = quickr;
		};
		9ACE296C288084EB000D0486 /* PBXContainerItemProxy */ = {
			isa = PBXContainerItemProxy;
			containerPortal = 9ACE2940288084E7000D0486 /* Project object */;
			proxyType = 1;
			remoteGlobalIDString = 9ACE2947288084E7000D0486;
			remoteInfo = quickr;
		};
/* End PBXContainerItemProxy section */

/* Begin PBXFileReference section */
		9ACE2948288084E7000D0486 /* quickr.app */ = {isa = PBXFileReference; explicitFileType = wrapper.application; includeInIndex = 0; path = quickr.app; sourceTree = BUILT_PRODUCTS_DIR; };
		9ACE294B288084E7000D0486 /* AppDelegate.swift */ = {isa = PBXFileReference; lastKnownFileType = sourcecode.swift; path = AppDelegate.swift; sourceTree = "<group>"; };
		9ACE294D288084E7000D0486 /* SceneDelegate.swift */ = {isa = PBXFileReference; lastKnownFileType = sourcecode.swift; path = SceneDelegate.swift; sourceTree = "<group>"; };
		9ACE294F288084E7000D0486 /* ViewController.swift */ = {isa = PBXFileReference; lastKnownFileType = sourcecode.swift; path = ViewController.swift; sourceTree = "<group>"; };
		9ACE2952288084E8000D0486 /* Base */ = {isa = PBXFileReference; lastKnownFileType = file.storyboard; name = Base; path = Base.lproj/Main.storyboard; sourceTree = "<group>"; };
		9ACE2955288084E8000D0486 /* quickr.xcdatamodel */ = {isa = PBXFileReference; lastKnownFileType = wrapper.xcdatamodel; path = quickr.xcdatamodel; sourceTree = "<group>"; };
		9ACE2957288084EA000D0486 /* Assets.xcassets */ = {isa = PBXFileReference; lastKnownFileType = folder.assetcatalog; path = Assets.xcassets; sourceTree = "<group>"; };
		9ACE295A288084EA000D0486 /* Base */ = {isa = PBXFileReference; lastKnownFileType = file.storyboard; name = Base; path = Base.lproj/LaunchScreen.storyboard; sourceTree = "<group>"; };
		9ACE295C288084EA000D0486 /* Info.plist */ = {isa = PBXFileReference; lastKnownFileType = text.plist.xml; path = Info.plist; sourceTree = "<group>"; };
		9ACE2961288084EB000D0486 /* quickrTests.xctest */ = {isa = PBXFileReference; explicitFileType = wrapper.cfbundle; includeInIndex = 0; path = quickrTests.xctest; sourceTree = BUILT_PRODUCTS_DIR; };
		9ACE2965288084EB000D0486 /* quickrTests.swift */ = {isa = PBXFileReference; lastKnownFileType = sourcecode.swift; path = quickrTests.swift; sourceTree = "<group>"; };
		9ACE296B288084EB000D0486 /* quickrUITests.xctest */ = {isa = PBXFileReference; explicitFileType = wrapper.cfbundle; includeInIndex = 0; path = quickrUITests.xctest; sourceTree = BUILT_PRODUCTS_DIR; };
		9ACE296F288084EB000D0486 /* quickrUITests.swift */ = {isa = PBXFileReference; lastKnownFileType = sourcecode.swift; path = quickrUITests.swift; sourceTree = "<group>"; };
		9ACE2971288084EB000D0486 /* quickrUITestsLaunchTests.swift */ = {isa = PBXFileReference; lastKnownFileType = sourcecode.swift; path = quickrUITestsLaunchTests.swift; sourceTree = "<group>"; };
/* End PBXFileReference section */

/* Begin PBXFrameworksBuildPhase section */
		9ACE2945288084E7000D0486 /* Frameworks */ = {
			isa = PBXFrameworksBuildPhase;
			buildActionMask = 2147483647;
			files = (
			);
			runOnlyForDeploymentPostprocessing = 0;
		};
		9ACE295E288084EB000D0486 /* Frameworks */ = {
			isa = PBXFrameworksBuildPhase;
			buildActionMask = 2147483647;
			files = (
			);
			runOnlyForDeploymentPostprocessing = 0;
		};
		9ACE2968288084EB000D0486 /* Frameworks */ = {
			isa = PBXFrameworksBuildPhase;
			buildActionMask = 2147483647;
			files = (
			);
			runOnlyForDeploymentPostprocessing = 0;
		};
/* End PBXFrameworksBuildPhase section */

/* Begin PBXGroup section */
		9ACE293F288084E7000D0486 = {
			isa = PBXGroup;
			children = (
				9ACE294A288084E7000D0486 /* quickr */,
				9ACE2964288084EB000D0486 /* quickrTests */,
				9ACE296E288084EB000D0486 /* quickrUITests */,
				9ACE2949288084E7000D0486 /* Products */,
			);
			sourceTree = "<group>";
		};
		9ACE2949288084E7000D0486 /* Products */ = {
			isa = PBXGroup;
			children = (
				9ACE2948288084E7000D0486 /* quickr.app */,
				9ACE2961288084EB000D0486 /* quickrTests.xctest */,
				9ACE296B288084EB000D0486 /* quickrUITests.xctest */,
			);
			name = Products;
			sourceTree = "<group>";
		};
		9ACE294A288084E7000D0486 /* quickr */ = {
			isa = PBXGroup;
			children = (
				9ACE294B288084E7000D0486 /* AppDelegate.swift */,
				9ACE294D288084E7000D0486 /* SceneDelegate.swift */,
				9ACE294F288084E7000D0486 /* ViewController.swift */,
				9ACE2951288084E8000D0486 /* Main.storyboard */,
				9ACE2957288084EA000D0486 /* Assets.xcassets */,
				9ACE2959288084EA000D0486 /* LaunchScreen.storyboard */,
				9ACE295C288084EA000D0486 /* Info.plist */,
				9ACE2954288084E8000D0486 /* quickr.xcdatamodeld */,
			);
			path = quickr;
			sourceTree = "<group>";
		};
		9ACE2964288084EB000D0486 /* quickrTests */ = {
			isa = PBXGroup;
			children = (
				9ACE2965288084EB000D0486 /* quickrTests.swift */,
			);
			path = quickrTests;
			sourceTree = "<group>";
		};
		9ACE296E288084EB000D0486 /* quickrUITests */ = {
			isa = PBXGroup;
			children = (
				9ACE296F288084EB000D0486 /* quickrUITests.swift */,
				9ACE2971288084EB000D0486 /* quickrUITestsLaunchTests.swift */,
			);
			path = quickrUITests;
			sourceTree = "<group>";
		};
/* End PBXGroup section */

/* Begin PBXNativeTarget section */
		9ACE2947288084E7000D0486 /* quickr */ = {
			isa = PBXNativeTarget;
			buildConfigurationList = 9ACE2975288084EB000D0486 /* Build configuration list for PBXNativeTarget "quickr" */;
			buildPhases = (
				9ACE2944288084E7000D0486 /* Sources */,
				9ACE2945288084E7000D0486 /* Frameworks */,
				9ACE2946288084E7000D0486 /* Resources */,
			);
			buildRules = (
			);
			dependencies = (
			);
			name = quickr;
			productName = quickr;
			productReference = 9ACE2948288084E7000D0486 /* quickr.app */;
			productType = "com.apple.product-type.application";
		};
		9ACE2960288084EB000D0486 /* quickrTests */ = {
			isa = PBXNativeTarget;
			buildConfigurationList = 9ACE2978288084EB000D0486 /* Build configuration list for PBXNativeTarget "quickrTests" */;
			buildPhases = (
				9ACE295D288084EB000D0486 /* Sources */,
				9ACE295E288084EB000D0486 /* Frameworks */,
				9ACE295F288084EB000D0486 /* Resources */,
			);
			buildRules = (
			);
			dependencies = (
				9ACE2963288084EB000D0486 /* PBXTargetDependency */,
			);
			name = quickrTests;
			productName = quickrTests;
			productReference = 9ACE2961288084EB000D0486 /* quickrTests.xctest */;
			productType = "com.apple.product-type.bundle.unit-test";
		};
		9ACE296A288084EB000D0486 /* quickrUITests */ = {
			isa = PBXNativeTarget;
			buildConfigurationList = 9ACE297B288084EB000D0486 /* Build configuration list for PBXNativeTarget "quickrUITests" */;
			buildPhases = (
				9ACE2967288084EB000D0486 /* Sources */,
				9ACE2968288084EB000D0486 /* Frameworks */,
				9ACE2969288084EB000D0486 /* Resources */,
			);
			buildRules = (
			);
			dependencies = (
				9ACE296D288084EB000D0486 /* PBXTargetDependency */,
			);
			name = quickrUITests;
			productName = quickrUITests;
			productReference = 9ACE296B288084EB000D0486 /* quickrUITests.xctest */;
			productType = "com.apple.product-type.bundle.ui-testing";
		};
/* End PBXNativeTarget section */

/* Begin PBXProject section */
		9ACE2940288084E7000D0486 /* Project object */ = {
			isa = PBXProject;
			attributes = {
				BuildIndependentTargetsInParallel = 1;
				LastSwiftUpdateCheck = 1340;
				LastUpgradeCheck = 1340;
				TargetAttributes = {
					9ACE2947288084E7000D0486 = {
						CreatedOnToolsVersion = 13.4.1;
					};
					9ACE2960288084EB000D0486 = {
						CreatedOnToolsVersion = 13.4.1;
						TestTargetID = 9ACE2947288084E7000D0486;
					};
					9ACE296A288084EB000D0486 = {
						CreatedOnToolsVersion = 13.4.1;
						TestTargetID = 9ACE2947288084E7000D0486;
					};
				};
			};
			buildConfigurationList = 9ACE2943288084E7000D0486 /* Build configuration list for PBXProject "quickr" */;
			compatibilityVersion = "Xcode 13.0";
			developmentRegion = en;
			hasScannedForEncodings = 0;
			knownRegions = (
				en,
				Base,
			);
			mainGroup = 9ACE293F288084E7000D0486;
			productRefGroup = 9ACE2949288084E7000D0486 /* Products */;
			projectDirPath = "";
			projectRoot = "";
			targets = (
				9ACE2947288084E7000D0486 /* quickr */,
				9ACE2960288084EB000D0486 /* quickrTests */,
				9ACE296A288084EB000D0486 /* quickrUITests */,
			);
		};
/* End PBXProject section */

/* Begin PBXResourcesBuildPhase section */
		9ACE2946288084E7000D0486 /* Resources */ = {
			isa = PBXResourcesBuildPhase;
			buildActionMask = 2147483647;
			files = (
				9ACE295B288084EA000D0486 /* LaunchScreen.storyboard in Resources */,
				9ACE2958288084EA000D0486 /* Assets.xcassets in Resources */,
				9ACE2953288084E8000D0486 /* Main.storyboard in Resources */,
			);
			runOnlyForDeploymentPostprocessing = 0;
		};
		9ACE295F288084EB000D0486 /* Resources */ = {
			isa = PBXResourcesBuildPhase;
			buildActionMask = 2147483647;
			files = (
			);
			runOnlyForDeploymentPostprocessing = 0;
		};
		9ACE2969288084EB000D0486 /* Resources */ = {
			isa = PBXResourcesBuildPhase;
			buildActionMask = 2147483647;
			files = (
			);
			runOnlyForDeploymentPostprocessing = 0;
		};
/* End PBXResourcesBuildPhase section */

/* Begin PBXSourcesBuildPhase section */
		9ACE2944288084E7000D0486 /* Sources */ = {
			isa = PBXSourcesBuildPhase;
			buildActionMask = 2147483647;
			files = (
				9ACE2950288084E7000D0486 /* ViewController.swift in Sources */,
				9ACE294C288084E7000D0486 /* AppDelegate.swift in Sources */,
				9ACE2956288084E8000D0486 /* quickr.xcdatamodeld in Sources */,
				9ACE294E288084E7000D0486 /* SceneDelegate.swift in Sources */,
			);
			runOnlyForDeploymentPostprocessing = 0;
		};
		9ACE295D288084EB000D0486 /* Sources */ = {
			isa = PBXSourcesBuildPhase;
			buildActionMask = 2147483647;
			files = (
				9ACE2966288084EB000D0486 /* quickrTests.swift in Sources */,
			);
			runOnlyForDeploymentPostprocessing = 0;
		};
		9ACE2967288084EB000D0486 /* Sources */ = {
			isa = PBXSourcesBuildPhase;
			buildActionMask = 2147483647;
			files = (
				9ACE2970288084EB000D0486 /* quickrUITests.swift in Sources */,
				9ACE2972288084EB000D0486 /* quickrUITestsLaunchTests.swift in Sources */,
			);
			runOnlyForDeploymentPostprocessing = 0;
		};
/* End PBXSourcesBuildPhase section */

/* Begin PBXTargetDependency section */
		9ACE2963288084EB000D0486 /* PBXTargetDependency */ = {
			isa = PBXTargetDependency;
			target = 9ACE2947288084E7000D0486 /* quickr */;
			targetProxy = 9ACE2962288084EB000D0486 /* PBXContainerItemProxy */;
		};
		9ACE296D288084EB000D0486 /* PBXTargetDependency */ = {
			isa = PBXTargetDependency;
			target = 9ACE2947288084E7000D0486 /* quickr */;
			targetProxy = 9ACE296C288084EB000D0486 /* PBXContainerItemProxy */;
		};
/* End PBXTargetDependency section */

/* Begin PBXVariantGroup section */
		9ACE2951288084E8000D0486 /* Main.storyboard */ = {
			isa = PBXVariantGroup;
			children = (
				9ACE2952288084E8000D0486 /* Base */,
			);
			name = Main.storyboard;
			sourceTree = "<group>";
		};
		9ACE2959288084EA000D0486 /* LaunchScreen.storyboard */ = {
			isa = PBXVariantGroup;
			children = (
				9ACE295A288084EA000D0486 /* Base */,
			);
			name = LaunchScreen.storyboard;
			sourceTree = "<group>";
		};
/* End PBXVariantGroup section */

/* Begin XCBuildConfiguration section */
		9ACE2973288084EB000D0486 /* Debug */ = {
			isa = XCBuildConfiguration;
			buildSettings = {
				ALWAYS_SEARCH_USER_PATHS = NO;
				CLANG_ANALYZER_NONNULL = YES;
				CLANG_ANALYZER_NUMBER_OBJECT_CONVERSION = YES_AGGRESSIVE;
				CLANG_CXX_LANGUAGE_STANDARD = "gnu++17";
				CLANG_ENABLE_MODULES = YES;
				CLANG_ENABLE_OBJC_ARC = YES;
				CLANG_ENABLE_OBJC_WEAK = YES;
				CLANG_WARN_BLOCK_CAPTURE_AUTORELEASING = YES;
				CLANG_WARN_BOOL_CONVERSION = YES;
				CLANG_WARN_COMMA = YES;
				CLANG_WARN_CONSTANT_CONVERSION = YES;
				CLANG_WARN_DEPRECATED_OBJC_IMPLEMENTATIONS = YES;
				CLANG_WARN_DIRECT_OBJC_ISA_USAGE = YES_ERROR;
				CLANG_WARN_DOCUMENTATION_COMMENTS = YES;
				CLANG_WARN_EMPTY_BODY = YES;
				CLANG_WARN_ENUM_CONVERSION = YES;
				CLANG_WARN_INFINITE_RECURSION = YES;
				CLANG_WARN_INT_CONVERSION = YES;
				CLANG_WARN_NON_LITERAL_NULL_CONVERSION = YES;
				CLANG_WARN_OBJC_IMPLICIT_RETAIN_SELF = YES;
				CLANG_WARN_OBJC_LITERAL_CONVERSION = YES;
				CLANG_WARN_OBJC_ROOT_CLASS = YES_ERROR;
				CLANG_WARN_QUOTED_INCLUDE_IN_FRAMEWORK_HEADER = YES;
				CLANG_WARN_RANGE_LOOP_ANALYSIS = YES;
				CLANG_WARN_STRICT_PROTOTYPES = YES;
				CLANG_WARN_SUSPICIOUS_MOVE = YES;
				CLANG_WARN_UNGUARDED_AVAILABILITY = YES_AGGRESSIVE;
				CLANG_WARN_UNREACHABLE_CODE = YES;
				CLANG_WARN__DUPLICATE_METHOD_MATCH = YES;
				COPY_PHASE_STRIP = NO;
				DEBUG_INFORMATION_FORMAT = dwarf;
				ENABLE_STRICT_OBJC_MSGSEND = YES;
				ENABLE_TESTABILITY = YES;
				GCC_C_LANGUAGE_STANDARD = gnu11;
				GCC_DYNAMIC_NO_PIC = NO;
				GCC_NO_COMMON_BLOCKS = YES;
				GCC_OPTIMIZATION_LEVEL = 0;
				GCC_PREPROCESSOR_DEFINITIONS = (
					"DEBUG=1",
					"$(inherited)",
				);
				GCC_WARN_64_TO_32_BIT_CONVERSION = YES;
				GCC_WARN_ABOUT_RETURN_TYPE = YES_ERROR;
				GCC_WARN_UNDECLARED_SELECTOR = YES;
				GCC_WARN_UNINITIALIZED_AUTOS = YES_AGGRESSIVE;
				GCC_WARN_UNUSED_FUNCTION = YES;
				GCC_WARN_UNUSED_VARIABLE = YES;
				IPHONEOS_DEPLOYMENT_TARGET = 15.5;
				MTL_ENABLE_DEBUG_INFO = INCLUDE_SOURCE;
				MTL_FAST_MATH = YES;
				ONLY_ACTIVE_ARCH = YES;
				SDKROOT = iphoneos;
				SWIFT_ACTIVE_COMPILATION_CONDITIONS = DEBUG;
				SWIFT_OPTIMIZATION_LEVEL = "-Onone";
			};
			name = Debug;
		};
		9ACE2974288084EB000D0486 /* Release */ = {
			isa = XCBuildConfiguration;
			buildSettings = {
				ALWAYS_SEARCH_USER_PATHS = NO;
				CLANG_ANALYZER_NONNULL = YES;
				CLANG_ANALYZER_NUMBER_OBJECT_CONVERSION = YES_AGGRESSIVE;
				CLANG_CXX_LANGUAGE_STANDARD = "gnu++17";
				CLANG_ENABLE_MODULES = YES;
				CLANG_ENABLE_OBJC_ARC = YES;
				CLANG_ENABLE_OBJC_WEAK = YES;
				CLANG_WARN_BLOCK_CAPTURE_AUTORELEASING = YES;
				CLANG_WARN_BOOL_CONVERSION = YES;
				CLANG_WARN_COMMA = YES;
				CLANG_WARN_CONSTANT_CONVERSION = YES;
				CLANG_WARN_DEPRECATED_OBJC_IMPLEMENTATIONS = YES;
				CLANG_WARN_DIRECT_OBJC_ISA_USAGE = YES_ERROR;
				CLANG_WARN_DOCUMENTATION_COMMENTS = YES;
				CLANG_WARN_EMPTY_BODY = YES;
				CLANG_WARN_ENUM_CONVERSION = YES;
				CLANG_WARN_INFINITE_RECURSION = YES;
				CLANG_WARN_INT_CONVERSION = YES;
				CLANG_WARN_NON_LITERAL_NULL_CONVERSION = YES;
				CLANG_WARN_OBJC_IMPLICIT_RETAIN_SELF = YES;
				CLANG_WARN_OBJC_LITERAL_CONVERSION = YES;
				CLANG_WARN_OBJC_ROOT_CLASS = YES_ERROR;
				CLANG_WARN_QUOTED_INCLUDE_IN_FRAMEWORK_HEADER = YES;
				CLANG_WARN_RANGE_LOOP_ANALYSIS = YES;
				CLANG_WARN_STRICT_PROTOTYPES = YES;
				CLANG_WARN_SUSPICIOUS_MOVE = YES;
				CLANG_WARN_UNGUARDED_AVAILABILITY = YES_AGGRESSIVE;
				CLANG_WARN_UNREACHABLE_CODE = YES;
				CLANG_WARN__DUPLICATE_METHOD_MATCH = YES;
				COPY_PHASE_STRIP = NO;
				DEBUG_INFORMATION_FORMAT = "dwarf-with-dsym";
				ENABLE_NS_ASSERTIONS = NO;
				ENABLE_STRICT_OBJC_MSGSEND = YES;
				GCC_C_LANGUAGE_STANDARD = gnu11;
				GCC_NO_COMMON_BLOCKS = YES;
				GCC_WARN_64_TO_32_BIT_CONVERSION = YES;
				GCC_WARN_ABOUT_RETURN_TYPE = YES_ERROR;
				GCC_WARN_UNDECLARED_SELECTOR = YES;
				GCC_WARN_UNINITIALIZED_AUTOS = YES_AGGRESSIVE;
				GCC_WARN_UNUSED_FUNCTION = YES;
				GCC_WARN_UNUSED_VARIABLE = YES;
				IPHONEOS_DEPLOYMENT_TARGET = 15.5;
				MTL_ENABLE_DEBUG_INFO = NO;
				MTL_FAST_MATH = YES;
				SDKROOT = iphoneos;
				SWIFT_COMPILATION_MODE = wholemodule;
				SWIFT_OPTIMIZATION_LEVEL = "-O";
				VALIDATE_PRODUCT = YES;
			};
			name = Release;
		};
		9ACE2976288084EB000D0486 /* Debug */ = {
			isa = XCBuildConfiguration;
			buildSettings = {
				ASSETCATALOG_COMPILER_APPICON_NAME = AppIcon;
				ASSETCATALOG_COMPILER_GLOBAL_ACCENT_COLOR_NAME = AccentColor;
				CODE_SIGN_STYLE = Automatic;
				CURRENT_PROJECT_VERSION = 1;
				DEVELOPMENT_TEAM = 5BW5SA974A;
				GENERATE_INFOPLIST_FILE = YES;
				INFOPLIST_FILE = quickr/Info.plist;
				INFOPLIST_KEY_UIApplicationSupportsIndirectInputEvents = YES;
				INFOPLIST_KEY_UILaunchStoryboardName = LaunchScreen;
				INFOPLIST_KEY_UIMainStoryboardFile = Main;
				INFOPLIST_KEY_UISupportedInterfaceOrientations_iPad = "UIInterfaceOrientationPortrait UIInterfaceOrientationPortraitUpsideDown UIInterfaceOrientationLandscapeLeft UIInterfaceOrientationLandscapeRight";
				INFOPLIST_KEY_UISupportedInterfaceOrientations_iPhone = "UIInterfaceOrientationPortrait UIInterfaceOrientationLandscapeLeft UIInterfaceOrientationLandscapeRight";
				LD_RUNPATH_SEARCH_PATHS = (
					"$(inherited)",
					"@executable_path/Frameworks",
				);
				MARKETING_VERSION = 1.0;
				PRODUCT_BUNDLE_IDENTIFIER = binnacle.quickr;
				PRODUCT_NAME = "$(TARGET_NAME)";
				SWIFT_EMIT_LOC_STRINGS = YES;
				SWIFT_VERSION = 5.0;
				TARGETED_DEVICE_FAMILY = "1,2";
			};
			name = Debug;
		};
		9ACE2977288084EB000D0486 /* Release */ = {
			isa = XCBuildConfiguration;
			buildSettings = {
				ASSETCATALOG_COMPILER_APPICON_NAME = AppIcon;
				ASSETCATALOG_COMPILER_GLOBAL_ACCENT_COLOR_NAME = AccentColor;
				CODE_SIGN_STYLE = Automatic;
				CURRENT_PROJECT_VERSION = 1;
				DEVELOPMENT_TEAM = 5BW5SA974A;
				GENERATE_INFOPLIST_FILE = YES;
				INFOPLIST_FILE = quickr/Info.plist;
				INFOPLIST_KEY_UIApplicationSupportsIndirectInputEvents = YES;
				INFOPLIST_KEY_UILaunchStoryboardName = LaunchScreen;
				INFOPLIST_KEY_UIMainStoryboardFile = Main;
				INFOPLIST_KEY_UISupportedInterfaceOrientations_iPad = "UIInterfaceOrientationPortrait UIInterfaceOrientationPortraitUpsideDown UIInterfaceOrientationLandscapeLeft UIInterfaceOrientationLandscapeRight";
				INFOPLIST_KEY_UISupportedInterfaceOrientations_iPhone = "UIInterfaceOrientationPortrait UIInterfaceOrientationLandscapeLeft UIInterfaceOrientationLandscapeRight";
				LD_RUNPATH_SEARCH_PATHS = (
					"$(inherited)",
					"@executable_path/Frameworks",
				);
				MARKETING_VERSION = 1.0;
				PRODUCT_BUNDLE_IDENTIFIER = binnacle.quickr;
				PRODUCT_NAME = "$(TARGET_NAME)";
				SWIFT_EMIT_LOC_STRINGS = YES;
				SWIFT_VERSION = 5.0;
				TARGETED_DEVICE_FAMILY = "1,2";
			};
			name = Release;
		};
		9ACE2979288084EB000D0486 /* Debug */ = {
			isa = XCBuildConfiguration;
			buildSettings = {
				ALWAYS_EMBED_SWIFT_STANDARD_LIBRARIES = YES;
				BUNDLE_LOADER = "$(TEST_HOST)";
				CODE_SIGN_STYLE = Automatic;
				CURRENT_PROJECT_VERSION = 1;
				DEVELOPMENT_TEAM = 5BW5SA974A;
				GENERATE_INFOPLIST_FILE = YES;
				IPHONEOS_DEPLOYMENT_TARGET = 15.5;
				MARKETING_VERSION = 1.0;
				PRODUCT_BUNDLE_IDENTIFIER = binnacle.quickrTests;
				PRODUCT_NAME = "$(TARGET_NAME)";
				SWIFT_EMIT_LOC_STRINGS = NO;
				SWIFT_VERSION = 5.0;
				TARGETED_DEVICE_FAMILY = "1,2";
				TEST_HOST = "$(BUILT_PRODUCTS_DIR)/quickr.app/quickr";
			};
			name = Debug;
		};
		9ACE297A288084EB000D0486 /* Release */ = {
			isa = XCBuildConfiguration;
			buildSettings = {
				ALWAYS_EMBED_SWIFT_STANDARD_LIBRARIES = YES;
				BUNDLE_LOADER = "$(TEST_HOST)";
				CODE_SIGN_STYLE = Automatic;
				CURRENT_PROJECT_VERSION = 1;
				DEVELOPMENT_TEAM = 5BW5SA974A;
				GENERATE_INFOPLIST_FILE = YES;
				IPHONEOS_DEPLOYMENT_TARGET = 15.5;
				MARKETING_VERSION = 1.0;
				PRODUCT_BUNDLE_IDENTIFIER = binnacle.quickrTests;
				PRODUCT_NAME = "$(TARGET_NAME)";
				SWIFT_EMIT_LOC_STRINGS = NO;
				SWIFT_VERSION = 5.0;
				TARGETED_DEVICE_FAMILY = "1,2";
				TEST_HOST = "$(BUILT_PRODUCTS_DIR)/quickr.app/quickr";
			};
			name = Release;
		};
		9ACE297C288084EB000D0486 /* Debug */ = {
			isa = XCBuildConfiguration;
			buildSettings = {
				ALWAYS_EMBED_SWIFT_STANDARD_LIBRARIES = YES;
				CODE_SIGN_STYLE = Automatic;
				CURRENT_PROJECT_VERSION = 1;
				DEVELOPMENT_TEAM = 5BW5SA974A;
				GENERATE_INFOPLIST_FILE = YES;
				MARKETING_VERSION = 1.0;
				PRODUCT_BUNDLE_IDENTIFIER = binnacle.quickrUITests;
				PRODUCT_NAME = "$(TARGET_NAME)";
				SWIFT_EMIT_LOC_STRINGS = NO;
				SWIFT_VERSION = 5.0;
				TARGETED_DEVICE_FAMILY = "1,2";
				TEST_TARGET_NAME = quickr;
			};
			name = Debug;
		};
		9ACE297D288084EB000D0486 /* Release */ = {
			isa = XCBuildConfiguration;
			buildSettings = {
				ALWAYS_EMBED_SWIFT_STANDARD_LIBRARIES = YES;
				CODE_SIGN_STYLE = Automatic;
				CURRENT_PROJECT_VERSION = 1;
				DEVELOPMENT_TEAM = 5BW5SA974A;
				GENERATE_INFOPLIST_FILE = YES;
				MARKETING_VERSION = 1.0;
				PRODUCT_BUNDLE_IDENTIFIER = binnacle.quickrUITests;
				PRODUCT_NAME = "$(TARGET_NAME)";
				SWIFT_EMIT_LOC_STRINGS = NO;
				SWIFT_VERSION = 5.0;
				TARGETED_DEVICE_FAMILY = "1,2";
				TEST_TARGET_NAME = quickr;
			};
			name = Release;
		};
/* End XCBuildConfiguration section */

/* Begin XCConfigurationList section */
		9ACE2943288084E7000D0486 /* Build configuration list for PBXProject "quickr" */ = {
			isa = XCConfigurationList;
			buildConfigurations = (
				9ACE2973288084EB000D0486 /* Debug */,
				9ACE2974288084EB000D0486 /* Release */,
			);
			defaultConfigurationIsVisible = 0;
			defaultConfigurationName = Release;
		};
		9ACE2975288084EB000D0486 /* Build configuration list for PBXNativeTarget "quickr" */ = {
			isa = XCConfigurationList;
			buildConfigurations = (
				9ACE2976288084EB000D0486 /* Debug */,
				9ACE2977288084EB000D0486 /* Release */,
			);
			defaultConfigurationIsVisible = 0;
			defaultConfigurationName = Release;
		};
		9ACE2978288084EB000D0486 /* Build configuration list for PBXNativeTarget "quickrTests" */ = {
			isa = XCConfigurationList;
			buildConfigurations = (
				9ACE2979288084EB000D0486 /* Debug */,
				9ACE297A288084EB000D0486 /* Release */,
			);
			defaultConfigurationIsVisible = 0;
			defaultConfigurationName = Release;
		};
		9ACE297B288084EB000D0486 /* Build configuration list for PBXNativeTarget "quickrUITests" */ = {
			isa = XCConfigurationList;
			buildConfigurations = (
				9ACE297C288084EB000D0486 /* Debug */,
				9ACE297D288084EB000D0486 /* Release */,
			);
			defaultConfigurationIsVisible = 0;
			defaultConfigurationName = Release;
		};
/* End XCConfigurationList section */

/* Begin XCVersionGroup section */
		9ACE2954288084E8000D0486 /* quickr.xcdatamodeld */ = {
			isa = XCVersionGroup;
			children = (
				9ACE2955288084E8000D0486 /* quickr.xcdatamodel */,
			);
			currentVersion = 9ACE2955288084E8000D0486 /* quickr.xcdatamodel */;
			path = quickr.xcdatamodeld;
			sourceTree = "<group>";
			versionGroupType = wrapper.xcdatamodel;
		};
/* End XCVersionGroup section */
	};
	rootObject = 9ACE2940288084E7000D0486 /* Project object */;
}
